name = "battalion.batl"
version = "0.1.0"

[environment]
version = "0.3.0"

[[dependencies]]
name = "battalion.source.github"
version = "0.1.0"
hashid = "14E10FAC0847448E56ED3E12B986DBF5A0BFA1BF138700F051765EE072217A90"

[[dependencies]]
name = "battalion.source.tar"
version = "0.1.0"
hashid = "35964F1C0D935A4BEC937FD2E90ED110196E8D8807B5B5152844A77FCBCE5942"
