name = "battalion.batl"
version = "0.1.0"

[environment]
version = "0.3.0"

[[dependencies]]
name = "battalion.source.github"
version = "0.1.0"
hashid = "F2D1B9857F36698E2040D376181E1C09ADDABA9D46462B43E3AE2E4674AC5865"

[[dependencies]]
name = "battalion.source.tar"
version = "0.1.0"
hashid = "6438B434966FE523C4F307102DC1A6F7E78A35B18E58DEFDC41FFD020DF163A0"
